{
  "originHash" : "2cc6014187f01942acda105701ac20f33a6a5a42137effff15f6c58a0ed18ed8",
  "pins" : [
    {
      "identity" : "swift-snapshot-testing",
      "kind" : "remoteSourceControl",
      "location" : "https://github.com/pointfreeco/swift-snapshot-testing",
      "state" : {
        "revision" : "c097f955b4e724690f0fc8ffb7a6d4b881c9c4e3",
        "version" : "1.17.2"
      }
    },
    {
      "identity" : "swift-syntax",
      "kind" : "remoteSourceControl",
      "location" : "https://github.com/swiftlang/swift-syntax",
      "state" : {
        "revision" : "82a453c2dfa335c7e778695762438dfe72b328d2",
        "version" : "600.0.0-prerelease-2024-07-24"
      }
    },
    {
      "identity" : "swiftlintplugins",
      "kind" : "remoteSourceControl",
      "location" : "https://github.com/SimplyDanny/SwiftLintPlugins",
      "state" : {
        "revision" : "b8431a26655378581890d56b95a0b59aba9f62da",
        "version" : "0.55.1"
      }
    }
  ],
  "version" : 3
}
